{
  "format_version": "1.0",
  "provider_schemas": {
    "registry.terraform.io/cdot65/junos-ipsec": {
      "provider": {
        "version": 0,
        "block": {
          "attributes": {
            "host": {
              "type": "string",
              "description_kind": "plain",
              "required": true
            },
            "password": {
              "type": "string",
              "description_kind": "plain",
              "required": true
            },
            "port": {
              "type": "number",
              "description_kind": "plain",
              "required": true
            },
            "sshkey": {
              "type": "string",
              "description_kind": "plain",
              "required": true
            },
            "username": {
              "type": "string",
              "description_kind": "plain",
              "required": true
            }
          },
          "description_kind": "plain"
        }
      },
      "resource_schemas": {
        "junos-ipsec_SecurityAddress__BookAddressIp__Prefix": {
          "version": 0,
          "block": {
            "attributes": {
              "id": {
                "type": "string",
                "description_kind": "plain",
                "optional": true,
                "computed": true
              },
              "ip__prefix": {
                "type": "string",
                "description": "xpath is: config.Groups.V_address__book.V_address. Numeric IPv4 or IPv6 address with prefix",
                "description_kind": "plain",
                "optional": true
              },
              "name": {
                "type": "string",
                "description": "xpath is: config.Groups.V_address__book",
                "description_kind": "plain",
                "optional": true
              },
              "name__1": {
                "type": "string",
                "description": "xpath is: config.Groups.V_address__book.V_address",
                "description_kind": "plain",
                "optional": true
              },
              "resource_name": {
                "type": "string",
                "description_kind": "plain",
                "required": true
              }
            },
            "description_kind": "plain"
          }
        },
        "junos-ipsec_SecurityAddress__BookAddressName": {
          "version": 0,
          "block": {
            "attributes": {
              "id": {
                "type": "string",
                "description_kind": "plain",
                "optional": true,
                "computed": true
              },
              "name": {
                "type": "string",
                "description": "xpath is: config.Groups.V_address__book",
                "description_kind": "plain",
                "optional": true
              },
              "name__1": {
                "type": "string",
                "description": "xpath is: config.Groups.V_address__book.V_address. Security address name",
                "description_kind": "plain",
                "optional": true
              },
              "resource_name": {
                "type": "string",
                "description_kind": "plain",
                "required": true
              }
            },
            "description_kind": "plain"
          }
        },
        "junos-ipsec_SecurityAddress__BookAttachZoneName": {
          "version": 0,
          "block": {
            "attributes": {
              "id": {
                "type": "string",
                "description_kind": "plain",
                "optional": true,
                "computed": true
              },
              "name": {
                "type": "string",
                "description": "xpath is: config.Groups.V_address__book",
                "description_kind": "plain",
                "optional": true
              },
              "name__1": {
                "type": "string",
                "description": "xpath is: config.Groups.V_address__book.V_zone. Security zone name",
                "description_kind": "plain",
                "optional": true
              },
              "resource_name": {
                "type": "string",
                "description_kind": "plain",
                "required": true
              }
            },
            "description_kind": "plain"
          }
        },
        "junos-ipsec_SecurityAddress__BookName": {
          "version": 0,
          "block": {
            "attributes": {
              "id": {
                "type": "string",
                "description_kind": "plain",
                "optional": true,
                "computed": true
              },
              "name": {
                "type": "string",
                "description": "xpath is: config.Groups.V_address__book. Address book name",
                "description_kind": "plain",
                "optional": true
              },
              "resource_name": {
                "type": "string",
                "description_kind": "plain",
                "required": true
              }
            },
            "description_kind": "plain"
          }
        },
        "junos-ipsec_SecurityFlowTcp__MssIpsec__VpnMss": {
          "version": 0,
          "block": {
            "attributes": {
              "id": {
                "type": "string",
                "description_kind": "plain",
                "optional": true,
                "computed": true
              },
              "mss": {
                "type": "string",
                "description": "xpath is: config.Groups.V_ipsec__vpn. MSS value",
                "description_kind": "plain",
                "optional": true
              },
              "resource_name": {
                "type": "string",
                "description_kind": "plain",
                "required": true
              }
            },
            "description_kind": "plain"
          }
        },
        "junos-ipsec_SecurityIpsecPolicyName": {
          "version": 0,
          "block": {
            "attributes": {
              "id": {
                "type": "string",
                "description_kind": "plain",
                "optional": true,
                "computed": true
              },
              "name": {
                "type": "string",
                "description": "xpath is: config.Groups.V_policy. Name of the IPSec policy",
                "description_kind": "plain",
                "optional": true
              },
              "resource_name": {
                "type": "string",
                "description_kind": "plain",
                "required": true
              }
            },
            "description_kind": "plain"
          }
        },
        "junos-ipsec_SecurityIpsecPolicyProposals": {
          "version": 0,
          "block": {
            "attributes": {
              "id": {
                "type": "string",
                "description_kind": "plain",
                "optional": true,
                "computed": true
              },
              "name": {
                "type": "string",
                "description": "xpath is: config.Groups.V_policy",
                "description_kind": "plain",
                "optional": true
              },
              "proposals": {
                "type": "string",
                "description": "xpath is: config.Groups.V_policy. Name of the proposal",
                "description_kind": "plain",
                "optional": true
              },
              "resource_name": {
                "type": "string",
                "description_kind": "plain",
                "required": true
              }
            },
            "description_kind": "plain"
          }
        },
        "junos-ipsec_SecurityIpsecProposalAuthentication__Algorithm": {
          "version": 0,
          "block": {
            "attributes": {
              "authentication__algorithm": {
                "type": "string",
                "description": "xpath is: config.Groups.V_proposal. Define authentication algorithm",
                "description_kind": "plain",
                "optional": true
              },
              "id": {
                "type": "string",
                "description_kind": "plain",
                "optional": true,
                "computed": true
              },
              "name": {
                "type": "string",
                "description": "xpath is: config.Groups.V_proposal",
                "description_kind": "plain",
                "optional": true
              },
              "resource_name": {
                "type": "string",
                "description_kind": "plain",
                "required": true
              }
            },
            "description_kind": "plain"
          }
        },
        "junos-ipsec_SecurityIpsecProposalDescription": {
          "version": 0,
          "block": {
            "attributes": {
              "description": {
                "type": "string",
                "description": "xpath is: config.Groups.V_proposal. Text description of IPSec proposal",
                "description_kind": "plain",
                "optional": true
              },
              "id": {
                "type": "string",
                "description_kind": "plain",
                "optional": true,
                "computed": true
              },
              "name": {
                "type": "string",
                "description": "xpath is: config.Groups.V_proposal",
                "description_kind": "plain",
                "optional": true
              },
              "resource_name": {
                "type": "string",
                "description_kind": "plain",
                "required": true
              }
            },
            "description_kind": "plain"
          }
        },
        "junos-ipsec_SecurityIpsecProposalEncryption__Algorithm": {
          "version": 0,
          "block": {
            "attributes": {
              "encryption__algorithm": {
                "type": "string",
                "description": "xpath is: config.Groups.V_proposal. Define encryption algorithm",
                "description_kind": "plain",
                "optional": true
              },
              "id": {
                "type": "string",
                "description_kind": "plain",
                "optional": true,
                "computed": true
              },
              "name": {
                "type": "string",
                "description": "xpath is: config.Groups.V_proposal",
                "description_kind": "plain",
                "optional": true
              },
              "resource_name": {
                "type": "string",
                "description_kind": "plain",
                "required": true
              }
            },
            "description_kind": "plain"
          }
        },
        "junos-ipsec_SecurityIpsecProposalName": {
          "version": 0,
          "block": {
            "attributes": {
              "id": {
                "type": "string",
                "description_kind": "plain",
                "optional": true,
                "computed": true
              },
              "name": {
                "type": "string",
                "description": "xpath is: config.Groups.V_proposal. Name of the IPSec proposal",
                "description_kind": "plain",
                "optional": true
              },
              "resource_name": {
                "type": "string",
                "description_kind": "plain",
                "required": true
              }
            },
            "description_kind": "plain"
          }
        },
        "junos-ipsec_SecurityIpsecProposalProtocol": {
          "version": 0,
          "block": {
            "attributes": {
              "id": {
                "type": "string",
                "description_kind": "plain",
                "optional": true,
                "computed": true
              },
              "name": {
                "type": "string",
                "description": "xpath is: config.Groups.V_proposal",
                "description_kind": "plain",
                "optional": true
              },
              "protocol": {
                "type": "string",
                "description": "xpath is: config.Groups.V_proposal. Define an IPSec protocol for the proposal",
                "description_kind": "plain",
                "optional": true
              },
              "resource_name": {
                "type": "string",
                "description_kind": "plain",
                "required": true
              }
            },
            "description_kind": "plain"
          }
        },
        "junos-ipsec_SecurityIpsecVpnEstablish__Tunnels": {
          "version": 0,
          "block": {
            "attributes": {
              "establish__tunnels": {
                "type": "string",
                "description": "xpath is: config.Groups.V_vpn. Define the criteria to establish tunnels",
                "description_kind": "plain",
                "optional": true
              },
              "id": {
                "type": "string",
                "description_kind": "plain",
                "optional": true,
                "computed": true
              },
              "name": {
                "type": "string",
                "description": "xpath is: config.Groups.V_vpn",
                "description_kind": "plain",
                "optional": true
              },
              "resource_name": {
                "type": "string",
                "description_kind": "plain",
                "required": true
              }
            },
            "description_kind": "plain"
          }
        },
        "junos-ipsec_SecurityIpsecVpnIkeGateway": {
          "version": 0,
          "block": {
            "attributes": {
              "gateway": {
                "type": "string",
                "description": "xpath is: config.Groups.V_vpn.V_ike. Name of remote gateway",
                "description_kind": "plain",
                "optional": true
              },
              "id": {
                "type": "string",
                "description_kind": "plain",
                "optional": true,
                "computed": true
              },
              "name": {
                "type": "string",
                "description": "xpath is: config.Groups.V_vpn",
                "description_kind": "plain",
                "optional": true
              },
              "resource_name": {
                "type": "string",
                "description_kind": "plain",
                "required": true
              }
            },
            "description_kind": "plain"
          }
        },
        "junos-ipsec_SecurityIpsecVpnIkeIpsec__Policy": {
          "version": 0,
          "block": {
            "attributes": {
              "id": {
                "type": "string",
                "description_kind": "plain",
                "optional": true,
                "computed": true
              },
              "ipsec__policy": {
                "type": "string",
                "description": "xpath is: config.Groups.V_vpn.V_ike. Name of the IPSec policy",
                "description_kind": "plain",
                "optional": true
              },
              "name": {
                "type": "string",
                "description": "xpath is: config.Groups.V_vpn",
                "description_kind": "plain",
                "optional": true
              },
              "resource_name": {
                "type": "string",
                "description_kind": "plain",
                "required": true
              }
            },
            "description_kind": "plain"
          }
        },
        "junos-ipsec_SecurityIpsecVpnName": {
          "version": 0,
          "block": {
            "attributes": {
              "id": {
                "type": "string",
                "description_kind": "plain",
                "optional": true,
                "computed": true
              },
              "name": {
                "type": "string",
                "description": "xpath is: config.Groups.V_vpn. Name of the VPN",
                "description_kind": "plain",
                "optional": true
              },
              "resource_name": {
                "type": "string",
                "description_kind": "plain",
                "required": true
              }
            },
            "description_kind": "plain"
          }
        },
        "junos-ipsec_commit": {
          "version": 0,
          "block": {
            "attributes": {
              "id": {
                "type": "string",
                "description_kind": "plain",
                "optional": true,
                "computed": true
              },
              "resource_name": {
                "type": "string",
                "description_kind": "plain",
                "required": true
              }
            },
            "description_kind": "plain"
          }
        },
        "junos-ipsec_destroycommit": {
          "version": 0,
          "block": {
            "attributes": {
              "id": {
                "type": "string",
                "description_kind": "plain",
                "optional": true,
                "computed": true
              },
              "resource_name": {
                "type": "string",
                "description_kind": "plain",
                "required": true
              }
            },
            "description_kind": "plain"
          }
        }
      }
    }
  }
}
